<?xml version="1.0" encoding="utf-8"?>
<Project ToolsVersion="4.0" xmlns="http://schemas.microsoft.com/developer/msbuild/2003">
  <ItemGroup>
    <ClInclude Include="stdafx.h" />
    <ClInclude Include="Main.h" />
    <ClInclude Include="Fbx\FbxLoader.h">
      <Filter>Fbx</Filter>
    </ClInclude>
    <ClInclude Include="Fbx\FbxType.h">
      <Filter>Fbx</Filter>
    </ClInclude>
    <ClInclude Include="Fbx\FbxUtility.h">
      <Filter>Fbx</Filter>
    </ClInclude>
    <ClInclude Include="Executes\TestAnimator.h">
      <Filter>Executes</Filter>
    </ClInclude>
  </ItemGroup>
  <ItemGroup>
    <ClCompile Include="Main.cpp" />
    <ClCompile Include="Fbx\FbxLoader.cpp">
      <Filter>Fbx</Filter>
    </ClCompile>
    <ClCompile Include="Fbx\FbxUtility.cpp">
      <Filter>Fbx</Filter>
    </ClCompile>
    <ClCompile Include="Executes\TestAnimator.cpp">
      <Filter>Executes</Filter>
    </ClCompile>
  </ItemGroup>
  <ItemGroup>
    <Filter Include="Fbx">
      <UniqueIdentifier>{6337e21b-4561-4507-8fea-8c154586ac19}</UniqueIdentifier>
    </Filter>
    <Filter Include="Executes">
      <UniqueIdentifier>{14a6475e-7ef6-4a80-9860-48a76f1845c9}</UniqueIdentifier>
    </Filter>
  </ItemGroup>
</Project>